
Microsoft Visual Studio Solution File, Format Version 12.00
# Visual Studio Version 16
VisualStudioVersion = 16.0.32002.261
MinimumVisualStudioVersion = 10.0.40219.1
Project("{FAE04EC0-301F-11D3-BF4B-00C04F79EFBC}") = "T01.PasswordReset", "T01.PasswordReset\T01.PasswordReset.csproj", "{44B3B39E-FDE7-4678-BD14-D39477C4C626}"
EndProject
Project("{FAE04EC0-301F-11D3-BF4B-00C04F79EFBC}") = "T02.FancyBarcodes", "T02.FancyBarcodes\T02.FancyBarcodes.csproj", "{DE42E4C4-BB17-4760-A351-8EDDBA4D3CBB}"
EndProject
Project("{FAE04EC0-301F-11D3-BF4B-00C04F79EFBC}") = "T03.HeroesOfCodeAndLogicVII", "T03.HeroesOfCodeAndLogicVII\T03.HeroesOfCodeAndLogicVII.csproj", "{FC7508DD-73A9-408F-9BA0-DDA64D3C611A}"
EndProject
Global
	GlobalSection(SolutionConfigurationPlatforms) = preSolution
		Debug|Any CPU = Debug|Any CPU
		Release|Any CPU = Release|Any CPU
	EndGlobalSection
	GlobalSection(ProjectConfigurationPlatforms) = postSolution
		{44B3B39E-FDE7-4678-BD14-D39477C4C626}.Debug|Any CPU.ActiveCfg = Debug|Any CPU
		{44B3B39E-FDE7-4678-BD14-D39477C4C626}.Debug|Any CPU.Build.0 = Debug|Any CPU
		{44B3B39E-FDE7-4678-BD14-D39477C4C626}.Release|Any CPU.ActiveCfg = Release|Any CPU
		{44B3B39E-FDE7-4678-BD14-D39477C4C626}.Release|Any CPU.Build.0 = Release|Any CPU
		{DE42E4C4-BB17-4760-A351-8EDDBA4D3CBB}.Debug|Any CPU.ActiveCfg = Debug|Any CPU
		{DE42E4C4-BB17-4760-A351-8EDDBA4D3CBB}.Debug|Any CPU.Build.0 = Debug|Any CPU
		{DE42E4C4-BB17-4760-A351-8EDDBA4D3CBB}.Release|Any CPU.ActiveCfg = Release|Any CPU
		{DE42E4C4-BB17-4760-A351-8EDDBA4D3CBB}.Release|Any CPU.Build.0 = Release|Any CPU
		{FC7508DD-73A9-408F-9BA0-DDA64D3C611A}.Debug|Any CPU.ActiveCfg = Debug|Any CPU
		{FC7508DD-73A9-408F-9BA0-DDA64D3C611A}.Debug|Any CPU.Build.0 = Debug|Any CPU
		{FC7508DD-73A9-408F-9BA0-DDA64D3C611A}.Release|Any CPU.ActiveCfg = Release|Any CPU
		{FC7508DD-73A9-408F-9BA0-DDA64D3C611A}.Release|Any CPU.Build.0 = Release|Any CPU
	EndGlobalSection
	GlobalSection(SolutionProperties) = preSolution
		HideSolutionNode = FALSE
	EndGlobalSection
	GlobalSection(ExtensibilityGlobals) = postSolution
		SolutionGuid = {1EF92812-4619-4C67-A032-E494F4F23049}
	EndGlobalSection
EndGlobal
