
Microsoft Visual Studio Solution File, Format Version 12.00
# Visual Studio Version 16
VisualStudioVersion = 16.0.32002.261
MinimumVisualStudioVersion = 10.0.40219.1
Project("{FAE04EC0-301F-11D3-BF4B-00C04F79EFBC}") = "T01.DataTypes", "T01.DataTypes\T01.DataTypes.csproj", "{EE6DF92B-BEDE-4D04-94BD-585AE54B112E}"
EndProject
Project("{FAE04EC0-301F-11D3-BF4B-00C04F79EFBC}") = "T02.CenterPoint", "T02.CenterPoint\T02.CenterPoint.csproj", "{F43305B2-905C-4FFB-912E-6AACE29265CC}"
EndProject
Project("{FAE04EC0-301F-11D3-BF4B-00C04F79EFBC}") = "T03.LongerLine", "T03.LongerLine\T03.LongerLine.csproj", "{AC03FBF6-C7AA-4782-BA79-EA78C33C55DC}"
EndProject
Project("{FAE04EC0-301F-11D3-BF4B-00C04F79EFBC}") = "T04.TribonacciSequence", "T04.TribonacciSequence\T04.TribonacciSequence.csproj", "{52564202-D852-40C9-A4B7-9A9FB273D7DF}"
EndProject
Project("{FAE04EC0-301F-11D3-BF4B-00C04F79EFBC}") = "T05.MultiplicationSign", "T05.MultiplicationSign\T05.MultiplicationSign.csproj", "{8EA0DD59-1723-4CB9-8104-D4642B2191B4}"
EndProject
Global
	GlobalSection(SolutionConfigurationPlatforms) = preSolution
		Debug|Any CPU = Debug|Any CPU
		Release|Any CPU = Release|Any CPU
	EndGlobalSection
	GlobalSection(ProjectConfigurationPlatforms) = postSolution
		{EE6DF92B-BEDE-4D04-94BD-585AE54B112E}.Debug|Any CPU.ActiveCfg = Debug|Any CPU
		{EE6DF92B-BEDE-4D04-94BD-585AE54B112E}.Debug|Any CPU.Build.0 = Debug|Any CPU
		{EE6DF92B-BEDE-4D04-94BD-585AE54B112E}.Release|Any CPU.ActiveCfg = Release|Any CPU
		{EE6DF92B-BEDE-4D04-94BD-585AE54B112E}.Release|Any CPU.Build.0 = Release|Any CPU
		{F43305B2-905C-4FFB-912E-6AACE29265CC}.Debug|Any CPU.ActiveCfg = Debug|Any CPU
		{F43305B2-905C-4FFB-912E-6AACE29265CC}.Debug|Any CPU.Build.0 = Debug|Any CPU
		{F43305B2-905C-4FFB-912E-6AACE29265CC}.Release|Any CPU.ActiveCfg = Release|Any CPU
		{F43305B2-905C-4FFB-912E-6AACE29265CC}.Release|Any CPU.Build.0 = Release|Any CPU
		{AC03FBF6-C7AA-4782-BA79-EA78C33C55DC}.Debug|Any CPU.ActiveCfg = Debug|Any CPU
		{AC03FBF6-C7AA-4782-BA79-EA78C33C55DC}.Debug|Any CPU.Build.0 = Debug|Any CPU
		{AC03FBF6-C7AA-4782-BA79-EA78C33C55DC}.Release|Any CPU.ActiveCfg = Release|Any CPU
		{AC03FBF6-C7AA-4782-BA79-EA78C33C55DC}.Release|Any CPU.Build.0 = Release|Any CPU
		{52564202-D852-40C9-A4B7-9A9FB273D7DF}.Debug|Any CPU.ActiveCfg = Debug|Any CPU
		{52564202-D852-40C9-A4B7-9A9FB273D7DF}.Debug|Any CPU.Build.0 = Debug|Any CPU
		{52564202-D852-40C9-A4B7-9A9FB273D7DF}.Release|Any CPU.ActiveCfg = Release|Any CPU
		{52564202-D852-40C9-A4B7-9A9FB273D7DF}.Release|Any CPU.Build.0 = Release|Any CPU
		{8EA0DD59-1723-4CB9-8104-D4642B2191B4}.Debug|Any CPU.ActiveCfg = Debug|Any CPU
		{8EA0DD59-1723-4CB9-8104-D4642B2191B4}.Debug|Any CPU.Build.0 = Debug|Any CPU
		{8EA0DD59-1723-4CB9-8104-D4642B2191B4}.Release|Any CPU.ActiveCfg = Release|Any CPU
		{8EA0DD59-1723-4CB9-8104-D4642B2191B4}.Release|Any CPU.Build.0 = Release|Any CPU
	EndGlobalSection
	GlobalSection(SolutionProperties) = preSolution
		HideSolutionNode = FALSE
	EndGlobalSection
	GlobalSection(ExtensibilityGlobals) = postSolution
		SolutionGuid = {3590A485-5F6A-4BBC-8402-B0521F32072F}
	EndGlobalSection
EndGlobal
