
Microsoft Visual Studio Solution File, Format Version 12.00
# Visual Studio Version 16
VisualStudioVersion = 16.0.32002.261
MinimumVisualStudioVersion = 10.0.40219.1
Project("{FAE04EC0-301F-11D3-BF4B-00C04F79EFBC}") = "T01.ActivationKeys", "T01.ActivationKeys\T01.ActivationKeys.csproj", "{6662584E-39E0-4B50-9F79-21BAEFEC4C9C}"
EndProject
Project("{FAE04EC0-301F-11D3-BF4B-00C04F79EFBC}") = "T02.EmojiDetector", "T02.EmojiDetector\T02.EmojiDetector.csproj", "{1C688CDB-891D-406C-824D-3AF496E5B1A5}"
EndProject
Project("{FAE04EC0-301F-11D3-BF4B-00C04F79EFBC}") = "T03.Pirates", "T03.Pirates\T03.Pirates.csproj", "{BF090B6D-F167-4C4C-BF05-327FED764590}"
EndProject
Global
	GlobalSection(SolutionConfigurationPlatforms) = preSolution
		Debug|Any CPU = Debug|Any CPU
		Release|Any CPU = Release|Any CPU
	EndGlobalSection
	GlobalSection(ProjectConfigurationPlatforms) = postSolution
		{6662584E-39E0-4B50-9F79-21BAEFEC4C9C}.Debug|Any CPU.ActiveCfg = Debug|Any CPU
		{6662584E-39E0-4B50-9F79-21BAEFEC4C9C}.Debug|Any CPU.Build.0 = Debug|Any CPU
		{6662584E-39E0-4B50-9F79-21BAEFEC4C9C}.Release|Any CPU.ActiveCfg = Release|Any CPU
		{6662584E-39E0-4B50-9F79-21BAEFEC4C9C}.Release|Any CPU.Build.0 = Release|Any CPU
		{1C688CDB-891D-406C-824D-3AF496E5B1A5}.Debug|Any CPU.ActiveCfg = Debug|Any CPU
		{1C688CDB-891D-406C-824D-3AF496E5B1A5}.Debug|Any CPU.Build.0 = Debug|Any CPU
		{1C688CDB-891D-406C-824D-3AF496E5B1A5}.Release|Any CPU.ActiveCfg = Release|Any CPU
		{1C688CDB-891D-406C-824D-3AF496E5B1A5}.Release|Any CPU.Build.0 = Release|Any CPU
		{BF090B6D-F167-4C4C-BF05-327FED764590}.Debug|Any CPU.ActiveCfg = Debug|Any CPU
		{BF090B6D-F167-4C4C-BF05-327FED764590}.Debug|Any CPU.Build.0 = Debug|Any CPU
		{BF090B6D-F167-4C4C-BF05-327FED764590}.Release|Any CPU.ActiveCfg = Release|Any CPU
		{BF090B6D-F167-4C4C-BF05-327FED764590}.Release|Any CPU.Build.0 = Release|Any CPU
	EndGlobalSection
	GlobalSection(SolutionProperties) = preSolution
		HideSolutionNode = FALSE
	EndGlobalSection
	GlobalSection(ExtensibilityGlobals) = postSolution
		SolutionGuid = {A07553FF-86E8-4EEF-9A39-EE5B05E0DE44}
	EndGlobalSection
EndGlobal
