
Microsoft Visual Studio Solution File, Format Version 12.00
# Visual Studio Version 16
VisualStudioVersion = 16.0.32002.261
MinimumVisualStudioVersion = 10.0.40219.1
Project("{FAE04EC0-301F-11D3-BF4B-00C04F79EFBC}") = "T01.CookingMasterclass", "T01.CookingMasterclass\T01.CookingMasterclass.csproj", "{B4232F85-C76E-43F8-8493-EC548D4526EE}"
EndProject
Project("{FAE04EC0-301F-11D3-BF4B-00C04F79EFBC}") = "T02.Numbers", "T02.Numbers\T02.Numbers.csproj", "{932ADF19-AA5A-4F2F-B784-FF6E631E5B79}"
EndProject
Project("{FAE04EC0-301F-11D3-BF4B-00C04F79EFBC}") = "T03.TheAngryCat", "T03.TheAngryCat\T03.TheAngryCat.csproj", "{1B3E537C-11FD-4966-B956-7BFD3A35B4A6}"
EndProject
Global
	GlobalSection(SolutionConfigurationPlatforms) = preSolution
		Debug|Any CPU = Debug|Any CPU
		Release|Any CPU = Release|Any CPU
	EndGlobalSection
	GlobalSection(ProjectConfigurationPlatforms) = postSolution
		{B4232F85-C76E-43F8-8493-EC548D4526EE}.Debug|Any CPU.ActiveCfg = Debug|Any CPU
		{B4232F85-C76E-43F8-8493-EC548D4526EE}.Debug|Any CPU.Build.0 = Debug|Any CPU
		{B4232F85-C76E-43F8-8493-EC548D4526EE}.Release|Any CPU.ActiveCfg = Release|Any CPU
		{B4232F85-C76E-43F8-8493-EC548D4526EE}.Release|Any CPU.Build.0 = Release|Any CPU
		{932ADF19-AA5A-4F2F-B784-FF6E631E5B79}.Debug|Any CPU.ActiveCfg = Debug|Any CPU
		{932ADF19-AA5A-4F2F-B784-FF6E631E5B79}.Debug|Any CPU.Build.0 = Debug|Any CPU
		{932ADF19-AA5A-4F2F-B784-FF6E631E5B79}.Release|Any CPU.ActiveCfg = Release|Any CPU
		{932ADF19-AA5A-4F2F-B784-FF6E631E5B79}.Release|Any CPU.Build.0 = Release|Any CPU
		{1B3E537C-11FD-4966-B956-7BFD3A35B4A6}.Debug|Any CPU.ActiveCfg = Debug|Any CPU
		{1B3E537C-11FD-4966-B956-7BFD3A35B4A6}.Debug|Any CPU.Build.0 = Debug|Any CPU
		{1B3E537C-11FD-4966-B956-7BFD3A35B4A6}.Release|Any CPU.ActiveCfg = Release|Any CPU
		{1B3E537C-11FD-4966-B956-7BFD3A35B4A6}.Release|Any CPU.Build.0 = Release|Any CPU
	EndGlobalSection
	GlobalSection(SolutionProperties) = preSolution
		HideSolutionNode = FALSE
	EndGlobalSection
	GlobalSection(ExtensibilityGlobals) = postSolution
		SolutionGuid = {6AC175FD-6640-40E3-AE15-A69C47922D1E}
	EndGlobalSection
EndGlobal
