
Microsoft Visual Studio Solution File, Format Version 12.00
# Visual Studio Version 16
VisualStudioVersion = 16.0.32002.261
MinimumVisualStudioVersion = 10.0.40219.1
Project("{FAE04EC0-301F-11D3-BF4B-00C04F79EFBC}") = "T01.StringManipulator", "T01.StringManipulator\T01.StringManipulator.csproj", "{7040810B-D3AA-4CBD-B10C-6E13BA4B8643}"
EndProject
Project("{FAE04EC0-301F-11D3-BF4B-00C04F79EFBC}") = "T02.MessageTranslator", "T02.MessageTranslator\T02.MessageTranslator.csproj", "{C3E895B6-E820-49A4-A548-D67E0F821232}"
EndProject
Project("{FAE04EC0-301F-11D3-BF4B-00C04F79EFBC}") = "T03.MessagesManager", "T03.MessagesManager\T03.MessagesManager.csproj", "{628ED434-40D6-4DC2-8AC7-68D93F25E3DE}"
EndProject
Global
	GlobalSection(SolutionConfigurationPlatforms) = preSolution
		Debug|Any CPU = Debug|Any CPU
		Release|Any CPU = Release|Any CPU
	EndGlobalSection
	GlobalSection(ProjectConfigurationPlatforms) = postSolution
		{7040810B-D3AA-4CBD-B10C-6E13BA4B8643}.Debug|Any CPU.ActiveCfg = Debug|Any CPU
		{7040810B-D3AA-4CBD-B10C-6E13BA4B8643}.Debug|Any CPU.Build.0 = Debug|Any CPU
		{7040810B-D3AA-4CBD-B10C-6E13BA4B8643}.Release|Any CPU.ActiveCfg = Release|Any CPU
		{7040810B-D3AA-4CBD-B10C-6E13BA4B8643}.Release|Any CPU.Build.0 = Release|Any CPU
		{C3E895B6-E820-49A4-A548-D67E0F821232}.Debug|Any CPU.ActiveCfg = Debug|Any CPU
		{C3E895B6-E820-49A4-A548-D67E0F821232}.Debug|Any CPU.Build.0 = Debug|Any CPU
		{C3E895B6-E820-49A4-A548-D67E0F821232}.Release|Any CPU.ActiveCfg = Release|Any CPU
		{C3E895B6-E820-49A4-A548-D67E0F821232}.Release|Any CPU.Build.0 = Release|Any CPU
		{628ED434-40D6-4DC2-8AC7-68D93F25E3DE}.Debug|Any CPU.ActiveCfg = Debug|Any CPU
		{628ED434-40D6-4DC2-8AC7-68D93F25E3DE}.Debug|Any CPU.Build.0 = Debug|Any CPU
		{628ED434-40D6-4DC2-8AC7-68D93F25E3DE}.Release|Any CPU.ActiveCfg = Release|Any CPU
		{628ED434-40D6-4DC2-8AC7-68D93F25E3DE}.Release|Any CPU.Build.0 = Release|Any CPU
	EndGlobalSection
	GlobalSection(SolutionProperties) = preSolution
		HideSolutionNode = FALSE
	EndGlobalSection
	GlobalSection(ExtensibilityGlobals) = postSolution
		SolutionGuid = {DEF30799-E0F0-4AA1-B55D-27DA7B0DD3E6}
	EndGlobalSection
EndGlobal
