
Microsoft Visual Studio Solution File, Format Version 12.00
# Visual Studio Version 16
VisualStudioVersion = 16.0.32002.261
MinimumVisualStudioVersion = 10.0.40219.1
Project("{FAE04EC0-301F-11D3-BF4B-00C04F79EFBC}") = "T01.CountRealNumbers", "T01.CountRealNumbers\T01.CountRealNumbers.csproj", "{A7CE418D-029E-4750-B4E3-2815FC9C2D96}"
EndProject
Project("{FAE04EC0-301F-11D3-BF4B-00C04F79EFBC}") = "T02.OddOccurrences", "T02.OddOccurrences\T02.OddOccurrences.csproj", "{E72A3369-5E2B-4618-B0BD-C68B9A1265B2}"
EndProject
Project("{FAE04EC0-301F-11D3-BF4B-00C04F79EFBC}") = "T03.WordSynonyms", "T03.WordSynonyms\T03.WordSynonyms.csproj", "{65695BCF-E6A8-4A2A-8F3C-F8D0D646EC12}"
EndProject
Project("{FAE04EC0-301F-11D3-BF4B-00C04F79EFBC}") = "T04.WordFilter", "T04.WordFilter\T04.WordFilter.csproj", "{4AE98855-761E-40EF-BD1A-FDD82F6CA89A}"
EndProject
Global
	GlobalSection(SolutionConfigurationPlatforms) = preSolution
		Debug|Any CPU = Debug|Any CPU
		Release|Any CPU = Release|Any CPU
	EndGlobalSection
	GlobalSection(ProjectConfigurationPlatforms) = postSolution
		{A7CE418D-029E-4750-B4E3-2815FC9C2D96}.Debug|Any CPU.ActiveCfg = Debug|Any CPU
		{A7CE418D-029E-4750-B4E3-2815FC9C2D96}.Debug|Any CPU.Build.0 = Debug|Any CPU
		{A7CE418D-029E-4750-B4E3-2815FC9C2D96}.Release|Any CPU.ActiveCfg = Release|Any CPU
		{A7CE418D-029E-4750-B4E3-2815FC9C2D96}.Release|Any CPU.Build.0 = Release|Any CPU
		{E72A3369-5E2B-4618-B0BD-C68B9A1265B2}.Debug|Any CPU.ActiveCfg = Debug|Any CPU
		{E72A3369-5E2B-4618-B0BD-C68B9A1265B2}.Debug|Any CPU.Build.0 = Debug|Any CPU
		{E72A3369-5E2B-4618-B0BD-C68B9A1265B2}.Release|Any CPU.ActiveCfg = Release|Any CPU
		{E72A3369-5E2B-4618-B0BD-C68B9A1265B2}.Release|Any CPU.Build.0 = Release|Any CPU
		{65695BCF-E6A8-4A2A-8F3C-F8D0D646EC12}.Debug|Any CPU.ActiveCfg = Debug|Any CPU
		{65695BCF-E6A8-4A2A-8F3C-F8D0D646EC12}.Debug|Any CPU.Build.0 = Debug|Any CPU
		{65695BCF-E6A8-4A2A-8F3C-F8D0D646EC12}.Release|Any CPU.ActiveCfg = Release|Any CPU
		{65695BCF-E6A8-4A2A-8F3C-F8D0D646EC12}.Release|Any CPU.Build.0 = Release|Any CPU
		{4AE98855-761E-40EF-BD1A-FDD82F6CA89A}.Debug|Any CPU.ActiveCfg = Debug|Any CPU
		{4AE98855-761E-40EF-BD1A-FDD82F6CA89A}.Debug|Any CPU.Build.0 = Debug|Any CPU
		{4AE98855-761E-40EF-BD1A-FDD82F6CA89A}.Release|Any CPU.ActiveCfg = Release|Any CPU
		{4AE98855-761E-40EF-BD1A-FDD82F6CA89A}.Release|Any CPU.Build.0 = Release|Any CPU
	EndGlobalSection
	GlobalSection(SolutionProperties) = preSolution
		HideSolutionNode = FALSE
	EndGlobalSection
	GlobalSection(ExtensibilityGlobals) = postSolution
		SolutionGuid = {56C33413-05AE-4737-9365-D398C569FE00}
	EndGlobalSection
EndGlobal
