
Microsoft Visual Studio Solution File, Format Version 12.00
# Visual Studio Version 16
VisualStudioVersion = 16.0.32002.261
MinimumVisualStudioVersion = 10.0.40219.1
Project("{FAE04EC0-301F-11D3-BF4B-00C04F79EFBC}") = "T01.BonusScoringSystem", "T01.BonusScoringSystem\T01.BonusScoringSystem.csproj", "{323E3956-A363-4771-948C-29B63A508B89}"
EndProject
Project("{FAE04EC0-301F-11D3-BF4B-00C04F79EFBC}") = "T02.MuOnline", "T02.MuOnline\T02.MuOnline.csproj", "{9F556063-C715-4834-811F-02ED36968316}"
EndProject
Project("{FAE04EC0-301F-11D3-BF4B-00C04F79EFBC}") = "T03.Inventory", "T03.Inventory\T03.Inventory.csproj", "{DC94E835-B8DF-4903-8336-1F02607C56D6}"
EndProject
Global
	GlobalSection(SolutionConfigurationPlatforms) = preSolution
		Debug|Any CPU = Debug|Any CPU
		Release|Any CPU = Release|Any CPU
	EndGlobalSection
	GlobalSection(ProjectConfigurationPlatforms) = postSolution
		{323E3956-A363-4771-948C-29B63A508B89}.Debug|Any CPU.ActiveCfg = Debug|Any CPU
		{323E3956-A363-4771-948C-29B63A508B89}.Debug|Any CPU.Build.0 = Debug|Any CPU
		{323E3956-A363-4771-948C-29B63A508B89}.Release|Any CPU.ActiveCfg = Release|Any CPU
		{323E3956-A363-4771-948C-29B63A508B89}.Release|Any CPU.Build.0 = Release|Any CPU
		{9F556063-C715-4834-811F-02ED36968316}.Debug|Any CPU.ActiveCfg = Debug|Any CPU
		{9F556063-C715-4834-811F-02ED36968316}.Debug|Any CPU.Build.0 = Debug|Any CPU
		{9F556063-C715-4834-811F-02ED36968316}.Release|Any CPU.ActiveCfg = Release|Any CPU
		{9F556063-C715-4834-811F-02ED36968316}.Release|Any CPU.Build.0 = Release|Any CPU
		{DC94E835-B8DF-4903-8336-1F02607C56D6}.Debug|Any CPU.ActiveCfg = Debug|Any CPU
		{DC94E835-B8DF-4903-8336-1F02607C56D6}.Debug|Any CPU.Build.0 = Debug|Any CPU
		{DC94E835-B8DF-4903-8336-1F02607C56D6}.Release|Any CPU.ActiveCfg = Release|Any CPU
		{DC94E835-B8DF-4903-8336-1F02607C56D6}.Release|Any CPU.Build.0 = Release|Any CPU
	EndGlobalSection
	GlobalSection(SolutionProperties) = preSolution
		HideSolutionNode = FALSE
	EndGlobalSection
	GlobalSection(ExtensibilityGlobals) = postSolution
		SolutionGuid = {FB5FBE78-C555-42B8-B3CB-825293D6677B}
	EndGlobalSection
EndGlobal
