
Microsoft Visual Studio Solution File, Format Version 12.00
# Visual Studio Version 16
VisualStudioVersion = 16.0.32002.261
MinimumVisualStudioVersion = 10.0.40219.1
Project("{FAE04EC0-301F-11D3-BF4B-00C04F79EFBC}") = "T01.RemoveNegativesAndReverse", "T01.RemoveNegativesAndReverse\T01.RemoveNegativesAndReverse.csproj", "{C0C8F403-5ABD-46A8-885B-C8A4DAD05EFC}"
EndProject
Project("{FAE04EC0-301F-11D3-BF4B-00C04F79EFBC}") = "T02.AppendLists", "T02.AppendLists\T02.AppendLists.csproj", "{D89FB558-7F67-4783-BA02-EFEB1B175104}"
EndProject
Project("{FAE04EC0-301F-11D3-BF4B-00C04F79EFBC}") = "T03.SumAdjacentEqualNumbers", "T03.SumAdjacentEqualNumbers\T03.SumAdjacentEqualNumbers.csproj", "{366D5D22-D7AD-4249-B0B0-FD03D7DC2C5B}"
EndProject
Project("{FAE04EC0-301F-11D3-BF4B-00C04F79EFBC}") = "T04.SplitByWordCasing", "T04.SplitByWordCasing\T04.SplitByWordCasing.csproj", "{96EC51CD-C535-49CF-A137-F4DF78F28411}"
EndProject
Project("{FAE04EC0-301F-11D3-BF4B-00C04F79EFBC}") = "T05.SortNumbers", "T05.SortNumbers\T05.SortNumbers.csproj", "{7C58CC09-1CF8-488F-B0FB-9352EFD03A45}"
EndProject
Project("{FAE04EC0-301F-11D3-BF4B-00C04F79EFBC}") = "T06.SquareNumbers", "T06.SquareNumbers\T06.SquareNumbers.csproj", "{097DC9A5-6364-4DF2-B27B-7EBE8EB743F5}"
EndProject
Project("{FAE04EC0-301F-11D3-BF4B-00C04F79EFBC}") = "T07.CountNumbers", "T07.CountNumbers\T07.CountNumbers.csproj", "{BFA66CDE-8CC1-44A5-8782-3FA1DAB597B3}"
EndProject
Global
	GlobalSection(SolutionConfigurationPlatforms) = preSolution
		Debug|Any CPU = Debug|Any CPU
		Release|Any CPU = Release|Any CPU
	EndGlobalSection
	GlobalSection(ProjectConfigurationPlatforms) = postSolution
		{C0C8F403-5ABD-46A8-885B-C8A4DAD05EFC}.Debug|Any CPU.ActiveCfg = Debug|Any CPU
		{C0C8F403-5ABD-46A8-885B-C8A4DAD05EFC}.Debug|Any CPU.Build.0 = Debug|Any CPU
		{C0C8F403-5ABD-46A8-885B-C8A4DAD05EFC}.Release|Any CPU.ActiveCfg = Release|Any CPU
		{C0C8F403-5ABD-46A8-885B-C8A4DAD05EFC}.Release|Any CPU.Build.0 = Release|Any CPU
		{D89FB558-7F67-4783-BA02-EFEB1B175104}.Debug|Any CPU.ActiveCfg = Debug|Any CPU
		{D89FB558-7F67-4783-BA02-EFEB1B175104}.Debug|Any CPU.Build.0 = Debug|Any CPU
		{D89FB558-7F67-4783-BA02-EFEB1B175104}.Release|Any CPU.ActiveCfg = Release|Any CPU
		{D89FB558-7F67-4783-BA02-EFEB1B175104}.Release|Any CPU.Build.0 = Release|Any CPU
		{366D5D22-D7AD-4249-B0B0-FD03D7DC2C5B}.Debug|Any CPU.ActiveCfg = Debug|Any CPU
		{366D5D22-D7AD-4249-B0B0-FD03D7DC2C5B}.Debug|Any CPU.Build.0 = Debug|Any CPU
		{366D5D22-D7AD-4249-B0B0-FD03D7DC2C5B}.Release|Any CPU.ActiveCfg = Release|Any CPU
		{366D5D22-D7AD-4249-B0B0-FD03D7DC2C5B}.Release|Any CPU.Build.0 = Release|Any CPU
		{96EC51CD-C535-49CF-A137-F4DF78F28411}.Debug|Any CPU.ActiveCfg = Debug|Any CPU
		{96EC51CD-C535-49CF-A137-F4DF78F28411}.Debug|Any CPU.Build.0 = Debug|Any CPU
		{96EC51CD-C535-49CF-A137-F4DF78F28411}.Release|Any CPU.ActiveCfg = Release|Any CPU
		{96EC51CD-C535-49CF-A137-F4DF78F28411}.Release|Any CPU.Build.0 = Release|Any CPU
		{7C58CC09-1CF8-488F-B0FB-9352EFD03A45}.Debug|Any CPU.ActiveCfg = Debug|Any CPU
		{7C58CC09-1CF8-488F-B0FB-9352EFD03A45}.Debug|Any CPU.Build.0 = Debug|Any CPU
		{7C58CC09-1CF8-488F-B0FB-9352EFD03A45}.Release|Any CPU.ActiveCfg = Release|Any CPU
		{7C58CC09-1CF8-488F-B0FB-9352EFD03A45}.Release|Any CPU.Build.0 = Release|Any CPU
		{097DC9A5-6364-4DF2-B27B-7EBE8EB743F5}.Debug|Any CPU.ActiveCfg = Debug|Any CPU
		{097DC9A5-6364-4DF2-B27B-7EBE8EB743F5}.Debug|Any CPU.Build.0 = Debug|Any CPU
		{097DC9A5-6364-4DF2-B27B-7EBE8EB743F5}.Release|Any CPU.ActiveCfg = Release|Any CPU
		{097DC9A5-6364-4DF2-B27B-7EBE8EB743F5}.Release|Any CPU.Build.0 = Release|Any CPU
		{BFA66CDE-8CC1-44A5-8782-3FA1DAB597B3}.Debug|Any CPU.ActiveCfg = Debug|Any CPU
		{BFA66CDE-8CC1-44A5-8782-3FA1DAB597B3}.Debug|Any CPU.Build.0 = Debug|Any CPU
		{BFA66CDE-8CC1-44A5-8782-3FA1DAB597B3}.Release|Any CPU.ActiveCfg = Release|Any CPU
		{BFA66CDE-8CC1-44A5-8782-3FA1DAB597B3}.Release|Any CPU.Build.0 = Release|Any CPU
	EndGlobalSection
	GlobalSection(SolutionProperties) = preSolution
		HideSolutionNode = FALSE
	EndGlobalSection
	GlobalSection(ExtensibilityGlobals) = postSolution
		SolutionGuid = {33A1B870-1EF2-4228-A466-1C20EB58D983}
	EndGlobalSection
EndGlobal
