
Microsoft Visual Studio Solution File, Format Version 12.00
# Visual Studio Version 16
VisualStudioVersion = 16.0.32002.261
MinimumVisualStudioVersion = 10.0.40219.1
Project("{FAE04EC0-301F-11D3-BF4B-00C04F79EFBC}") = "T01.EncryptSortAndPrintArray", "T01.EncryptSortAndPrintArray\T01.EncryptSortAndPrintArray.csproj", "{367FC429-6F95-45B3-AD25-546CED6FC1E8}"
EndProject
Project("{FAE04EC0-301F-11D3-BF4B-00C04F79EFBC}") = "T02.PascalTriangle", "T02.PascalTriangle\T02.PascalTriangle.csproj", "{B48F3399-9F84-428A-A040-5D8A2750765C}"
EndProject
Project("{FAE04EC0-301F-11D3-BF4B-00C04F79EFBC}") = "T03.RecursiveFibonacci", "T03.RecursiveFibonacci\T03.RecursiveFibonacci.csproj", "{0F09BD2F-B3B7-476C-AC94-70D78F2FDB32}"
EndProject
Project("{FAE04EC0-301F-11D3-BF4B-00C04F79EFBC}") = "T04.FoldAndSum", "T04.FoldAndSum\T04.FoldAndSum.csproj", "{8275421F-8FB1-4216-BDCC-192ECDB16F30}"
EndProject
Project("{FAE04EC0-301F-11D3-BF4B-00C04F79EFBC}") = "T05.LongestIncreasingSubsequence", "T05.LongestIncreasingSubsequence\T05.LongestIncreasingSubsequence.csproj", "{D57A23CB-34A3-4468-A379-D86966BE84EB}"
EndProject
Global
	GlobalSection(SolutionConfigurationPlatforms) = preSolution
		Debug|Any CPU = Debug|Any CPU
		Release|Any CPU = Release|Any CPU
	EndGlobalSection
	GlobalSection(ProjectConfigurationPlatforms) = postSolution
		{367FC429-6F95-45B3-AD25-546CED6FC1E8}.Debug|Any CPU.ActiveCfg = Debug|Any CPU
		{367FC429-6F95-45B3-AD25-546CED6FC1E8}.Debug|Any CPU.Build.0 = Debug|Any CPU
		{367FC429-6F95-45B3-AD25-546CED6FC1E8}.Release|Any CPU.ActiveCfg = Release|Any CPU
		{367FC429-6F95-45B3-AD25-546CED6FC1E8}.Release|Any CPU.Build.0 = Release|Any CPU
		{B48F3399-9F84-428A-A040-5D8A2750765C}.Debug|Any CPU.ActiveCfg = Debug|Any CPU
		{B48F3399-9F84-428A-A040-5D8A2750765C}.Debug|Any CPU.Build.0 = Debug|Any CPU
		{B48F3399-9F84-428A-A040-5D8A2750765C}.Release|Any CPU.ActiveCfg = Release|Any CPU
		{B48F3399-9F84-428A-A040-5D8A2750765C}.Release|Any CPU.Build.0 = Release|Any CPU
		{0F09BD2F-B3B7-476C-AC94-70D78F2FDB32}.Debug|Any CPU.ActiveCfg = Debug|Any CPU
		{0F09BD2F-B3B7-476C-AC94-70D78F2FDB32}.Debug|Any CPU.Build.0 = Debug|Any CPU
		{0F09BD2F-B3B7-476C-AC94-70D78F2FDB32}.Release|Any CPU.ActiveCfg = Release|Any CPU
		{0F09BD2F-B3B7-476C-AC94-70D78F2FDB32}.Release|Any CPU.Build.0 = Release|Any CPU
		{8275421F-8FB1-4216-BDCC-192ECDB16F30}.Debug|Any CPU.ActiveCfg = Debug|Any CPU
		{8275421F-8FB1-4216-BDCC-192ECDB16F30}.Debug|Any CPU.Build.0 = Debug|Any CPU
		{8275421F-8FB1-4216-BDCC-192ECDB16F30}.Release|Any CPU.ActiveCfg = Release|Any CPU
		{8275421F-8FB1-4216-BDCC-192ECDB16F30}.Release|Any CPU.Build.0 = Release|Any CPU
		{D57A23CB-34A3-4468-A379-D86966BE84EB}.Debug|Any CPU.ActiveCfg = Debug|Any CPU
		{D57A23CB-34A3-4468-A379-D86966BE84EB}.Debug|Any CPU.Build.0 = Debug|Any CPU
		{D57A23CB-34A3-4468-A379-D86966BE84EB}.Release|Any CPU.ActiveCfg = Release|Any CPU
		{D57A23CB-34A3-4468-A379-D86966BE84EB}.Release|Any CPU.Build.0 = Release|Any CPU
	EndGlobalSection
	GlobalSection(SolutionProperties) = preSolution
		HideSolutionNode = FALSE
	EndGlobalSection
	GlobalSection(ExtensibilityGlobals) = postSolution
		SolutionGuid = {6204AD36-E0D3-400B-8EE5-36A7899E091F}
	EndGlobalSection
EndGlobal
