
Microsoft Visual Studio Solution File, Format Version 12.00
# Visual Studio Version 16
VisualStudioVersion = 16.0.32002.261
MinimumVisualStudioVersion = 10.0.40219.1
Project("{FAE04EC0-301F-11D3-BF4B-00C04F79EFBC}") = "T01.SecretChat", "T01.SecretChat\T01.SecretChat.csproj", "{5D78BDEA-B769-433B-8FC6-C6F31B6E2C25}"
EndProject
Project("{FAE04EC0-301F-11D3-BF4B-00C04F79EFBC}") = "T02.MirrorWords", "T02.MirrorWords\T02.MirrorWords.csproj", "{2C0123D4-88C3-4526-A0CA-57D2E03D760D}"
EndProject
Project("{FAE04EC0-301F-11D3-BF4B-00C04F79EFBC}") = "T03.NeedForSpeedIII", "T03.NeedForSpeedIII\T03.NeedForSpeedIII.csproj", "{43EF9F7F-AE93-4BC6-94E1-6396959A77AD}"
EndProject
Global
	GlobalSection(SolutionConfigurationPlatforms) = preSolution
		Debug|Any CPU = Debug|Any CPU
		Release|Any CPU = Release|Any CPU
	EndGlobalSection
	GlobalSection(ProjectConfigurationPlatforms) = postSolution
		{5D78BDEA-B769-433B-8FC6-C6F31B6E2C25}.Debug|Any CPU.ActiveCfg = Debug|Any CPU
		{5D78BDEA-B769-433B-8FC6-C6F31B6E2C25}.Debug|Any CPU.Build.0 = Debug|Any CPU
		{5D78BDEA-B769-433B-8FC6-C6F31B6E2C25}.Release|Any CPU.ActiveCfg = Release|Any CPU
		{5D78BDEA-B769-433B-8FC6-C6F31B6E2C25}.Release|Any CPU.Build.0 = Release|Any CPU
		{2C0123D4-88C3-4526-A0CA-57D2E03D760D}.Debug|Any CPU.ActiveCfg = Debug|Any CPU
		{2C0123D4-88C3-4526-A0CA-57D2E03D760D}.Debug|Any CPU.Build.0 = Debug|Any CPU
		{2C0123D4-88C3-4526-A0CA-57D2E03D760D}.Release|Any CPU.ActiveCfg = Release|Any CPU
		{2C0123D4-88C3-4526-A0CA-57D2E03D760D}.Release|Any CPU.Build.0 = Release|Any CPU
		{43EF9F7F-AE93-4BC6-94E1-6396959A77AD}.Debug|Any CPU.ActiveCfg = Debug|Any CPU
		{43EF9F7F-AE93-4BC6-94E1-6396959A77AD}.Debug|Any CPU.Build.0 = Debug|Any CPU
		{43EF9F7F-AE93-4BC6-94E1-6396959A77AD}.Release|Any CPU.ActiveCfg = Release|Any CPU
		{43EF9F7F-AE93-4BC6-94E1-6396959A77AD}.Release|Any CPU.Build.0 = Release|Any CPU
	EndGlobalSection
	GlobalSection(SolutionProperties) = preSolution
		HideSolutionNode = FALSE
	EndGlobalSection
	GlobalSection(ExtensibilityGlobals) = postSolution
		SolutionGuid = {AF39BC48-DC59-4890-B26B-0387324FC90B}
	EndGlobalSection
EndGlobal
