
Microsoft Visual Studio Solution File, Format Version 12.00
# Visual Studio Version 16
VisualStudioVersion = 16.0.32002.261
MinimumVisualStudioVersion = 10.0.40219.1
Project("{9A19103F-16F7-4668-BE54-9A1E7A4F7556}") = "T01.CounterStrike", "T01.CounterStrike\T01.CounterStrike.csproj", "{74A09FAF-7857-4D53-88DB-438D9A2CFBD7}"
EndProject
Project("{FAE04EC0-301F-11D3-BF4B-00C04F79EFBC}") = "T02.ShootForTheWin", "T02.ShootForTheWin\T02.ShootForTheWin.csproj", "{F87F7A34-3AA6-4EAD-8AF6-D658C6510B7F}"
EndProject
Project("{FAE04EC0-301F-11D3-BF4B-00C04F79EFBC}") = "T03.MovingTarget", "T03.MovingTarget\T03.MovingTarget.csproj", "{358775A3-3FEF-42CF-8D6D-BF4BFD90164B}"
EndProject
Global
	GlobalSection(SolutionConfigurationPlatforms) = preSolution
		Debug|Any CPU = Debug|Any CPU
		Release|Any CPU = Release|Any CPU
	EndGlobalSection
	GlobalSection(ProjectConfigurationPlatforms) = postSolution
		{74A09FAF-7857-4D53-88DB-438D9A2CFBD7}.Debug|Any CPU.ActiveCfg = Debug|Any CPU
		{74A09FAF-7857-4D53-88DB-438D9A2CFBD7}.Debug|Any CPU.Build.0 = Debug|Any CPU
		{74A09FAF-7857-4D53-88DB-438D9A2CFBD7}.Release|Any CPU.ActiveCfg = Release|Any CPU
		{74A09FAF-7857-4D53-88DB-438D9A2CFBD7}.Release|Any CPU.Build.0 = Release|Any CPU
		{F87F7A34-3AA6-4EAD-8AF6-D658C6510B7F}.Debug|Any CPU.ActiveCfg = Debug|Any CPU
		{F87F7A34-3AA6-4EAD-8AF6-D658C6510B7F}.Debug|Any CPU.Build.0 = Debug|Any CPU
		{F87F7A34-3AA6-4EAD-8AF6-D658C6510B7F}.Release|Any CPU.ActiveCfg = Release|Any CPU
		{F87F7A34-3AA6-4EAD-8AF6-D658C6510B7F}.Release|Any CPU.Build.0 = Release|Any CPU
		{358775A3-3FEF-42CF-8D6D-BF4BFD90164B}.Debug|Any CPU.ActiveCfg = Debug|Any CPU
		{358775A3-3FEF-42CF-8D6D-BF4BFD90164B}.Debug|Any CPU.Build.0 = Debug|Any CPU
		{358775A3-3FEF-42CF-8D6D-BF4BFD90164B}.Release|Any CPU.ActiveCfg = Release|Any CPU
		{358775A3-3FEF-42CF-8D6D-BF4BFD90164B}.Release|Any CPU.Build.0 = Release|Any CPU
	EndGlobalSection
	GlobalSection(SolutionProperties) = preSolution
		HideSolutionNode = FALSE
	EndGlobalSection
	GlobalSection(ExtensibilityGlobals) = postSolution
		SolutionGuid = {80540EA7-93A2-40B8-801E-2630A3D17172}
	EndGlobalSection
EndGlobal
